
Microsoft Visual Studio Solution File, Format Version 12.00
# Visual Studio Version 17
VisualStudioVersion = 17.11.35327.3
MinimumVisualStudioVersion = 10.0.40219.1
Project("{FAE04EC0-301F-11D3-BF4B-00C04F79EFBC}") = "InventoryManagementSystem2", "InventoryManagementSystem2\InventoryManagementSystem2.csproj", "{3165F21D-1AEE-40B1-B53C-96849CE45EBC}"
EndProject
Global
	GlobalSection(SolutionConfigurationPlatforms) = preSolution
		Debug|Any CPU = Debug|Any CPU
		Release|Any CPU = Release|Any CPU
	EndGlobalSection
	GlobalSection(ProjectConfigurationPlatforms) = postSolution
		{3165F21D-1AEE-40B1-B53C-96849CE45EBC}.Debug|Any CPU.ActiveCfg = Debug|Any CPU
		{3165F21D-1AEE-40B1-B53C-96849CE45EBC}.Debug|Any CPU.Build.0 = Debug|Any CPU
		{3165F21D-1AEE-40B1-B53C-96849CE45EBC}.Release|Any CPU.ActiveCfg = Release|Any CPU
		{3165F21D-1AEE-40B1-B53C-96849CE45EBC}.Release|Any CPU.Build.0 = Release|Any CPU
	EndGlobalSection
	GlobalSection(SolutionProperties) = preSolution
		HideSolutionNode = FALSE
	EndGlobalSection
	GlobalSection(ExtensibilityGlobals) = postSolution
		SolutionGuid = {3D698615-3C73-4A2E-B4E4-6E68633BAF23}
	EndGlobalSection
EndGlobal
